
Microsoft Visual Studio Solution File, Format Version 12.00
# Visual Studio 15
VisualStudioVersion = 15.0.27130.2036
MinimumVisualStudioVersion = 10.0.40219.1
Project("{FAE04EC0-301F-11D3-BF4B-00C04F79EFBC}") = "RandomSay", "RandomSay\RandomSay.csproj", "{ACC5D35F-50A2-49F0-B1FC-50ACA1D19D54}"
EndProject
Global
	GlobalSection(SolutionConfigurationPlatforms) = preSolution
		Debug|Any CPU = Debug|Any CPU
		Release|Any CPU = Release|Any CPU
	EndGlobalSection
	GlobalSection(ProjectConfigurationPlatforms) = postSolution
		{ACC5D35F-50A2-49F0-B1FC-50ACA1D19D54}.Debug|Any CPU.ActiveCfg = Debug|Any CPU
		{ACC5D35F-50A2-49F0-B1FC-50ACA1D19D54}.Debug|Any CPU.Build.0 = Debug|Any CPU
		{ACC5D35F-50A2-49F0-B1FC-50ACA1D19D54}.Release|Any CPU.ActiveCfg = Release|Any CPU
		{ACC5D35F-50A2-49F0-B1FC-50ACA1D19D54}.Release|Any CPU.Build.0 = Release|Any CPU
	EndGlobalSection
	GlobalSection(SolutionProperties) = preSolution
		HideSolutionNode = FALSE
	EndGlobalSection
	GlobalSection(ExtensibilityGlobals) = postSolution
		SolutionGuid = {45F72C37-B58A-43FA-9552-D7A2A6CA9B63}
	EndGlobalSection
EndGlobal
